<?xml version="1.0" encoding="utf-8"?>
<Project ToolsVersion="4.0" xmlns="http://schemas.microsoft.com/developer/msbuild/2003">
  <ItemGroup>
    <Filter Include="Source Files">
      <UniqueIdentifier>{4FC737F1-C7A5-4376-A066-2A32D752A2FF}</UniqueIdentifier>
      <Extensions>cpp;c;cc;cxx;c++;cppm;ixx;def;odl;idl;hpj;bat;asm;asmx</Extensions>
    </Filter>
    <Filter Include="Header Files">
      <UniqueIdentifier>{93995380-89BD-4b04-88EB-625FBE52EBFB}</UniqueIdentifier>
      <Extensions>h;hh;hpp;hxx;h++;hm;inl;inc;ipp;xsd</Extensions>
    </Filter>
    <Filter Include="Resource Files">
      <UniqueIdentifier>{67DA6AB6-F800-4c08-8B7A-83BB121AAD01}</UniqueIdentifier>
      <Extensions>rc;ico;cur;bmp;dlg;rc2;rct;bin;rgs;gif;jpg;jpeg;jpe;resx;tiff;tif;png;wav;mfcribbon-ms</Extensions>
    </Filter>
    <Filter Include="Header Files\core">
      <UniqueIdentifier>{f735604f-dd4b-4112-aeb8-07b634a2b598}</UniqueIdentifier>
    </Filter>
    <Filter Include="Header Files\components">
      <UniqueIdentifier>{5b88f769-139f-4592-a178-5115bbf5061b}</UniqueIdentifier>
    </Filter>
    <Filter Include="Source Files\core">
      <UniqueIdentifier>{e382bf55-1dcf-457f-8075-22a33fe70fb0}</UniqueIdentifier>
    </Filter>
    <Filter Include="Source Files\components">
      <UniqueIdentifier>{49af22a3-2b87-4a60-ba91-bc2d635dad1f}</UniqueIdentifier>
    </Filter>
    <Filter Include="Header Files\dss">
      <UniqueIdentifier>{f508c4e3-8d09-429e-88d7-a18f52ff16e1}</UniqueIdentifier>
    </Filter>
    <Filter Include="Source Files\dss">
      <UniqueIdentifier>{525524c0-9d46-4a12-9812-bd509fa9fc2e}</UniqueIdentifier>
    </Filter>
  </ItemGroup>
  <ItemGroup>
    <ClCompile Include="render.cpp">
      <Filter>Source Files</Filter>
    </ClCompile>
    <ClCompile Include="components\AnalogInput.cpp">
      <Filter>Source Files\components</Filter>
    </ClCompile>
    <ClCompile Include="core\AudioBuffer.cpp">
      <Filter>Source Files\core</Filter>
    </ClCompile>
    <ClCompile Include="components\Button.cpp">
      <Filter>Source Files\components</Filter>
    </ClCompile>
    <ClCompile Include="DynamicStiffString\DynamicStiffString.cpp">
      <Filter>Source Files\dss</Filter>
    </ClCompile>
    <ClCompile Include="components\LEDScreen.cpp">
      <Filter>Source Files\components</Filter>
    </ClCompile>
    <ClCompile Include="core\Parameters.cpp">
      <Filter>Source Files\core</Filter>
    </ClCompile>
    <ClCompile Include="core\Simulation.cpp">
      <Filter>Source Files\core</Filter>
    </ClCompile>
    <ClCompile Include="Compressor\SimpleComp.cpp">
      <Filter>Source Files</Filter>
    </ClCompile>
    <ClCompile Include="Compressor\SimpleEnvelope.cpp">
      <Filter>Source Files</Filter>
    </ClCompile>
    <ClCompile Include="Compressor\SimpleGate.cpp">
      <Filter>Source Files</Filter>
    </ClCompile>
    <ClCompile Include="Compressor\SimpleLimit.cpp">
      <Filter>Source Files</Filter>
    </ClCompile>
  </ItemGroup>
  <ItemGroup>
    <ClInclude Include="BelaMock.h">
      <Filter>Header Files</Filter>
    </ClInclude>
    <ClInclude Include="core\AudioBuffer.h">
      <Filter>Header Files\core</Filter>
    </ClInclude>
    <ClInclude Include="components\AnalogInput.h">
      <Filter>Header Files\components</Filter>
    </ClInclude>
    <ClInclude Include="components\Button.h">
      <Filter>Header Files\components</Filter>
    </ClInclude>
    <ClInclude Include="components\LEDScreen.h">
      <Filter>Header Files\components</Filter>
    </ClInclude>
    <ClInclude Include="core\Parameters.h">
      <Filter>Header Files\core</Filter>
    </ClInclude>
    <ClInclude Include="core\Simulation.h">
      <Filter>Header Files\core</Filter>
    </ClInclude>
    <ClInclude Include="DynamicStiffString\DynamicStiffString.h">
      <Filter>Header Files\dss</Filter>
    </ClInclude>
    <ClInclude Include="DynamicStiffString\Global.h">
      <Filter>Header Files\dss</Filter>
    </ClInclude>
    <ClInclude Include="Compressor\SimpleComp.h">
      <Filter>Header Files</Filter>
    </ClInclude>
    <ClInclude Include="Compressor\SimpleEnvelope.h">
      <Filter>Header Files</Filter>
    </ClInclude>
    <ClInclude Include="Compressor\SimpleGain.h">
      <Filter>Header Files</Filter>
    </ClInclude>
    <ClInclude Include="Compressor\SimpleGate.h">
      <Filter>Header Files</Filter>
    </ClInclude>
    <ClInclude Include="Compressor\SimpleHeader.h">
      <Filter>Header Files</Filter>
    </ClInclude>
    <ClInclude Include="Compressor\SimpleLimit.h">
      <Filter>Header Files</Filter>
    </ClInclude>
    <ClInclude Include="utils\CSVWriter.h">
      <Filter>Header Files</Filter>
    </ClInclude>
  </ItemGroup>
  <ItemGroup>
    <None Include="Compressor\SimpleCompProcess.inl">
      <Filter>Header Files</Filter>
    </None>
    <None Include="Compressor\SimpleGateProcess.inl">
      <Filter>Header Files</Filter>
    </None>
    <None Include="Compressor\SimpleLimitProcess.inl">
      <Filter>Header Files</Filter>
    </None>
  </ItemGroup>
</Project>